// !$*UTF8*$!
{
	archiveVersion = 1;
	classes = {
	};
	objectVersion = 50;
	objects = {

/* Begin PBXBuildFile section */
		12E65EC4262A863E0039B1DA /* AppDelegate.swift in Sources */ = {isa = PBXBuildFile; fileRef = 12E65EC3262A863E0039B1DA /* AppDelegate.swift */; };
		12E65EC6262A863E0039B1DA /* SceneDelegate.swift in Sources */ = {isa = PBXBuildFile; fileRef = 12E65EC5262A863E0039B1DA /* SceneDelegate.swift */; };
		12E65EC8262A863E0039B1DA /* ViewController.swift in Sources */ = {isa = PBXBuildFile; fileRef = 12E65EC7262A863E0039B1DA /* ViewController.swift */; };
		12E65ECB262A863E0039B1DA /* Main.storyboard in Resources */ = {isa = PBXBuildFile; fileRef = 12E65EC9262A863E0039B1DA /* Main.storyboard */; };
		12E65ECD262A863F0039B1DA /* Assets.xcassets in Resources */ = {isa = PBXBuildFile; fileRef = 12E65ECC262A863F0039B1DA /* Assets.xcassets */; };
		12E65ED0262A863F0039B1DA /* LaunchScreen.storyboard in Resources */ = {isa = PBXBuildFile; fileRef = 12E65ECE262A863F0039B1DA /* LaunchScreen.storyboard */; };
		12E65EDB262A863F0039B1DA /* DemoAppForLoginTests.swift in Sources */ = {isa = PBXBuildFile; fileRef = 12E65EDA262A863F0039B1DA /* DemoAppForLoginTests.swift */; };
		12E65EE6262A863F0039B1DA /* DemoAppForLoginUITests.swift in Sources */ = {isa = PBXBuildFile; fileRef = 12E65EE5262A863F0039B1DA /* DemoAppForLoginUITests.swift */; };
		12E65EF7262A88CA0039B1DA /* LogInWebPageViewController.swift in Sources */ = {isa = PBXBuildFile; fileRef = 12E65EF6262A88CA0039B1DA /* LogInWebPageViewController.swift */; };
/* End PBXBuildFile section */

/* Begin PBXContainerItemProxy section */
		12E65ED7262A863F0039B1DA /* PBXContainerItemProxy */ = {
			isa = PBXContainerItemProxy;
			containerPortal = 12E65EB8262A863E0039B1DA /* Project object */;
			proxyType = 1;
			remoteGlobalIDString = 12E65EBF262A863E0039B1DA;
			remoteInfo = DemoAppForLogin;
		};
		12E65EE2262A863F0039B1DA /* PBXContainerItemProxy */ = {
			isa = PBXContainerItemProxy;
			containerPortal = 12E65EB8262A863E0039B1DA /* Project object */;
			proxyType = 1;
			remoteGlobalIDString = 12E65EBF262A863E0039B1DA;
			remoteInfo = DemoAppForLogin;
		};
/* End PBXContainerItemProxy section */

/* Begin PBXFileReference section */
		12E65EC0262A863E0039B1DA /* DemoAppForLogin.app */ = {isa = PBXFileReference; explicitFileType = wrapper.application; includeInIndex = 0; path = DemoAppForLogin.app; sourceTree = BUILT_PRODUCTS_DIR; };
		12E65EC3262A863E0039B1DA /* AppDelegate.swift */ = {isa = PBXFileReference; lastKnownFileType = sourcecode.swift; path = AppDelegate.swift; sourceTree = "<group>"; };
		12E65EC5262A863E0039B1DA /* SceneDelegate.swift */ = {isa = PBXFileReference; lastKnownFileType = sourcecode.swift; path = SceneDelegate.swift; sourceTree = "<group>"; };
		12E65EC7262A863E0039B1DA /* ViewController.swift */ = {isa = PBXFileReference; lastKnownFileType = sourcecode.swift; path = ViewController.swift; sourceTree = "<group>"; };
		12E65ECA262A863E0039B1DA /* Base */ = {isa = PBXFileReference; lastKnownFileType = file.storyboard; name = Base; path = Base.lproj/Main.storyboard; sourceTree = "<group>"; };
		12E65ECC262A863F0039B1DA /* Assets.xcassets */ = {isa = PBXFileReference; lastKnownFileType = folder.assetcatalog; path = Assets.xcassets; sourceTree = "<group>"; };
		12E65ECF262A863F0039B1DA /* Base */ = {isa = PBXFileReference; lastKnownFileType = file.storyboard; name = Base; path = Base.lproj/LaunchScreen.storyboard; sourceTree = "<group>"; };
		12E65ED1262A863F0039B1DA /* Info.plist */ = {isa = PBXFileReference; lastKnownFileType = text.plist.xml; path = Info.plist; sourceTree = "<group>"; };
		12E65ED6262A863F0039B1DA /* DemoAppForLoginTests.xctest */ = {isa = PBXFileReference; explicitFileType = wrapper.cfbundle; includeInIndex = 0; path = DemoAppForLoginTests.xctest; sourceTree = BUILT_PRODUCTS_DIR; };
		12E65EDA262A863F0039B1DA /* DemoAppForLoginTests.swift */ = {isa = PBXFileReference; lastKnownFileType = sourcecode.swift; path = DemoAppForLoginTests.swift; sourceTree = "<group>"; };
		12E65EDC262A863F0039B1DA /* Info.plist */ = {isa = PBXFileReference; lastKnownFileType = text.plist.xml; path = Info.plist; sourceTree = "<group>"; };
		12E65EE1262A863F0039B1DA /* DemoAppForLoginUITests.xctest */ = {isa = PBXFileReference; explicitFileType = wrapper.cfbundle; includeInIndex = 0; path = DemoAppForLoginUITests.xctest; sourceTree = BUILT_PRODUCTS_DIR; };
		12E65EE5262A863F0039B1DA /* DemoAppForLoginUITests.swift */ = {isa = PBXFileReference; lastKnownFileType = sourcecode.swift; path = DemoAppForLoginUITests.swift; sourceTree = "<group>"; };
		12E65EE7262A863F0039B1DA /* Info.plist */ = {isa = PBXFileReference; lastKnownFileType = text.plist.xml; path = Info.plist; sourceTree = "<group>"; };
		12E65EF6262A88CA0039B1DA /* LogInWebPageViewController.swift */ = {isa = PBXFileReference; lastKnownFileType = sourcecode.swift; path = LogInWebPageViewController.swift; sourceTree = "<group>"; };
/* End PBXFileReference section */

/* Begin PBXFrameworksBuildPhase section */
		12E65EBD262A863E0039B1DA /* Frameworks */ = {
			isa = PBXFrameworksBuildPhase;
			buildActionMask = 2147483647;
			files = (
			);
			runOnlyForDeploymentPostprocessing = 0;
		};
		12E65ED3262A863F0039B1DA /* Frameworks */ = {
			isa = PBXFrameworksBuildPhase;
			buildActionMask = 2147483647;
			files = (
			);
			runOnlyForDeploymentPostprocessing = 0;
		};
		12E65EDE262A863F0039B1DA /* Frameworks */ = {
			isa = PBXFrameworksBuildPhase;
			buildActionMask = 2147483647;
			files = (
			);
			runOnlyForDeploymentPostprocessing = 0;
		};
/* End PBXFrameworksBuildPhase section */

/* Begin PBXGroup section */
		12E65EB7262A863E0039B1DA = {
			isa = PBXGroup;
			children = (
				12E65EC2262A863E0039B1DA /* DemoAppForLogin */,
				12E65ED9262A863F0039B1DA /* DemoAppForLoginTests */,
				12E65EE4262A863F0039B1DA /* DemoAppForLoginUITests */,
				12E65EC1262A863E0039B1DA /* Products */,
			);
			sourceTree = "<group>";
		};
		12E65EC1262A863E0039B1DA /* Products */ = {
			isa = PBXGroup;
			children = (
				12E65EC0262A863E0039B1DA /* DemoAppForLogin.app */,
				12E65ED6262A863F0039B1DA /* DemoAppForLoginTests.xctest */,
				12E65EE1262A863F0039B1DA /* DemoAppForLoginUITests.xctest */,
			);
			name = Products;
			sourceTree = "<group>";
		};
		12E65EC2262A863E0039B1DA /* DemoAppForLogin */ = {
			isa = PBXGroup;
			children = (
				12E65EC3262A863E0039B1DA /* AppDelegate.swift */,
				12E65EC5262A863E0039B1DA /* SceneDelegate.swift */,
				12E65EC7262A863E0039B1DA /* ViewController.swift */,
				12E65EC9262A863E0039B1DA /* Main.storyboard */,
				12E65EF6262A88CA0039B1DA /* LogInWebPageViewController.swift */,
				12E65ECC262A863F0039B1DA /* Assets.xcassets */,
				12E65ECE262A863F0039B1DA /* LaunchScreen.storyboard */,
				12E65ED1262A863F0039B1DA /* Info.plist */,
			);
			path = DemoAppForLogin;
			sourceTree = "<group>";
		};
		12E65ED9262A863F0039B1DA /* DemoAppForLoginTests */ = {
			isa = PBXGroup;
			children = (
				12E65EDA262A863F0039B1DA /* DemoAppForLoginTests.swift */,
				12E65EDC262A863F0039B1DA /* Info.plist */,
			);
			path = DemoAppForLoginTests;
			sourceTree = "<group>";
		};
		12E65EE4262A863F0039B1DA /* DemoAppForLoginUITests */ = {
			isa = PBXGroup;
			children = (
				12E65EE5262A863F0039B1DA /* DemoAppForLoginUITests.swift */,
				12E65EE7262A863F0039B1DA /* Info.plist */,
			);
			path = DemoAppForLoginUITests;
			sourceTree = "<group>";
		};
/* End PBXGroup section */

/* Begin PBXNativeTarget section */
		12E65EBF262A863E0039B1DA /* DemoAppForLogin */ = {
			isa = PBXNativeTarget;
			buildConfigurationList = 12E65EEA262A863F0039B1DA /* Build configuration list for PBXNativeTarget "DemoAppForLogin" */;
			buildPhases = (
				12E65EBC262A863E0039B1DA /* Sources */,
				12E65EBD262A863E0039B1DA /* Frameworks */,
				12E65EBE262A863E0039B1DA /* Resources */,
			);
			buildRules = (
			);
			dependencies = (
			);
			name = DemoAppForLogin;
			productName = DemoAppForLogin;
			productReference = 12E65EC0262A863E0039B1DA /* DemoAppForLogin.app */;
			productType = "com.apple.product-type.application";
		};
		12E65ED5262A863F0039B1DA /* DemoAppForLoginTests */ = {
			isa = PBXNativeTarget;
			buildConfigurationList = 12E65EED262A863F0039B1DA /* Build configuration list for PBXNativeTarget "DemoAppForLoginTests" */;
			buildPhases = (
				12E65ED2262A863F0039B1DA /* Sources */,
				12E65ED3262A863F0039B1DA /* Frameworks */,
				12E65ED4262A863F0039B1DA /* Resources */,
			);
			buildRules = (
			);
			dependencies = (
				12E65ED8262A863F0039B1DA /* PBXTargetDependency */,
			);
			name = DemoAppForLoginTests;
			productName = DemoAppForLoginTests;
			productReference = 12E65ED6262A863F0039B1DA /* DemoAppForLoginTests.xctest */;
			productType = "com.apple.product-type.bundle.unit-test";
		};
		12E65EE0262A863F0039B1DA /* DemoAppForLoginUITests */ = {
			isa = PBXNativeTarget;
			buildConfigurationList = 12E65EF0262A863F0039B1DA /* Build configuration list for PBXNativeTarget "DemoAppForLoginUITests" */;
			buildPhases = (
				12E65EDD262A863F0039B1DA /* Sources */,
				12E65EDE262A863F0039B1DA /* Frameworks */,
				12E65EDF262A863F0039B1DA /* Resources */,
			);
			buildRules = (
			);
			dependencies = (
				12E65EE3262A863F0039B1DA /* PBXTargetDependency */,
			);
			name = DemoAppForLoginUITests;
			productName = DemoAppForLoginUITests;
			productReference = 12E65EE1262A863F0039B1DA /* DemoAppForLoginUITests.xctest */;
			productType = "com.apple.product-type.bundle.ui-testing";
		};
/* End PBXNativeTarget section */

/* Begin PBXProject section */
		12E65EB8262A863E0039B1DA /* Project object */ = {
			isa = PBXProject;
			attributes = {
				LastSwiftUpdateCheck = 1240;
				LastUpgradeCheck = 1240;
				TargetAttributes = {
					12E65EBF262A863E0039B1DA = {
						CreatedOnToolsVersion = 12.4;
					};
					12E65ED5262A863F0039B1DA = {
						CreatedOnToolsVersion = 12.4;
						TestTargetID = 12E65EBF262A863E0039B1DA;
					};
					12E65EE0262A863F0039B1DA = {
						CreatedOnToolsVersion = 12.4;
						TestTargetID = 12E65EBF262A863E0039B1DA;
					};
				};
			};
			buildConfigurationList = 12E65EBB262A863E0039B1DA /* Build configuration list for PBXProject "DemoAppForLogin" */;
			compatibilityVersion = "Xcode 9.3";
			developmentRegion = en;
			hasScannedForEncodings = 0;
			knownRegions = (
				en,
				Base,
			);
			mainGroup = 12E65EB7262A863E0039B1DA;
			productRefGroup = 12E65EC1262A863E0039B1DA /* Products */;
			projectDirPath = "";
			projectRoot = "";
			targets = (
				12E65EBF262A863E0039B1DA /* DemoAppForLogin */,
				12E65ED5262A863F0039B1DA /* DemoAppForLoginTests */,
				12E65EE0262A863F0039B1DA /* DemoAppForLoginUITests */,
			);
		};
/* End PBXProject section */

/* Begin PBXResourcesBuildPhase section */
		12E65EBE262A863E0039B1DA /* Resources */ = {
			isa = PBXResourcesBuildPhase;
			buildActionMask = 2147483647;
			files = (
				12E65ED0262A863F0039B1DA /* LaunchScreen.storyboard in Resources */,
				12E65ECD262A863F0039B1DA /* Assets.xcassets in Resources */,
				12E65ECB262A863E0039B1DA /* Main.storyboard in Resources */,
			);
			runOnlyForDeploymentPostprocessing = 0;
		};
		12E65ED4262A863F0039B1DA /* Resources */ = {
			isa = PBXResourcesBuildPhase;
			buildActionMask = 2147483647;
			files = (
			);
			runOnlyForDeploymentPostprocessing = 0;
		};
		12E65EDF262A863F0039B1DA /* Resources */ = {
			isa = PBXResourcesBuildPhase;
			buildActionMask = 2147483647;
			files = (
			);
			runOnlyForDeploymentPostprocessing = 0;
		};
/* End PBXResourcesBuildPhase section */

/* Begin PBXSourcesBuildPhase section */
		12E65EBC262A863E0039B1DA /* Sources */ = {
			isa = PBXSourcesBuildPhase;
			buildActionMask = 2147483647;
			files = (
				12E65EF7262A88CA0039B1DA /* LogInWebPageViewController.swift in Sources */,
				12E65EC8262A863E0039B1DA /* ViewController.swift in Sources */,
				12E65EC4262A863E0039B1DA /* AppDelegate.swift in Sources */,
				12E65EC6262A863E0039B1DA /* SceneDelegate.swift in Sources */,
			);
			runOnlyForDeploymentPostprocessing = 0;
		};
		12E65ED2262A863F0039B1DA /* Sources */ = {
			isa = PBXSourcesBuildPhase;
			buildActionMask = 2147483647;
			files = (
				12E65EDB262A863F0039B1DA /* DemoAppForLoginTests.swift in Sources */,
			);
			runOnlyForDeploymentPostprocessing = 0;
		};
		12E65EDD262A863F0039B1DA /* Sources */ = {
			isa = PBXSourcesBuildPhase;
			buildActionMask = 2147483647;
			files = (
				12E65EE6262A863F0039B1DA /* DemoAppForLoginUITests.swift in Sources */,
			);
			runOnlyForDeploymentPostprocessing = 0;
		};
/* End PBXSourcesBuildPhase section */

/* Begin PBXTargetDependency section */
		12E65ED8262A863F0039B1DA /* PBXTargetDependency */ = {
			isa = PBXTargetDependency;
			target = 12E65EBF262A863E0039B1DA /* DemoAppForLogin */;
			targetProxy = 12E65ED7262A863F0039B1DA /* PBXContainerItemProxy */;
		};
		12E65EE3262A863F0039B1DA /* PBXTargetDependency */ = {
			isa = PBXTargetDependency;
			target = 12E65EBF262A863E0039B1DA /* DemoAppForLogin */;
			targetProxy = 12E65EE2262A863F0039B1DA /* PBXContainerItemProxy */;
		};
/* End PBXTargetDependency section */

/* Begin PBXVariantGroup section */
		12E65EC9262A863E0039B1DA /* Main.storyboard */ = {
			isa = PBXVariantGroup;
			children = (
				12E65ECA262A863E0039B1DA /* Base */,
			);
			name = Main.storyboard;
			sourceTree = "<group>";
		};
		12E65ECE262A863F0039B1DA /* LaunchScreen.storyboard */ = {
			isa = PBXVariantGroup;
			children = (
				12E65ECF262A863F0039B1DA /* Base */,
			);
			name = LaunchScreen.storyboard;
			sourceTree = "<group>";
		};
/* End PBXVariantGroup section */

/* Begin XCBuildConfiguration section */
		12E65EE8262A863F0039B1DA /* Debug */ = {
			isa = XCBuildConfiguration;
			buildSettings = {
				ALWAYS_SEARCH_USER_PATHS = NO;
				CLANG_ANALYZER_NONNULL = YES;
				CLANG_ANALYZER_NUMBER_OBJECT_CONVERSION = YES_AGGRESSIVE;
				CLANG_CXX_LANGUAGE_STANDARD = "gnu++14";
				CLANG_CXX_LIBRARY = "libc++";
				CLANG_ENABLE_MODULES = YES;
				CLANG_ENABLE_OBJC_ARC = YES;
				CLANG_ENABLE_OBJC_WEAK = YES;
				CLANG_WARN_BLOCK_CAPTURE_AUTORELEASING = YES;
				CLANG_WARN_BOOL_CONVERSION = YES;
				CLANG_WARN_COMMA = YES;
				CLANG_WARN_CONSTANT_CONVERSION = YES;
				CLANG_WARN_DEPRECATED_OBJC_IMPLEMENTATIONS = YES;
				CLANG_WARN_DIRECT_OBJC_ISA_USAGE = YES_ERROR;
				CLANG_WARN_DOCUMENTATION_COMMENTS = YES;
				CLANG_WARN_EMPTY_BODY = YES;
				CLANG_WARN_ENUM_CONVERSION = YES;
				CLANG_WARN_INFINITE_RECURSION = YES;
				CLANG_WARN_INT_CONVERSION = YES;
				CLANG_WARN_NON_LITERAL_NULL_CONVERSION = YES;
				CLANG_WARN_OBJC_IMPLICIT_RETAIN_SELF = YES;
				CLANG_WARN_OBJC_LITERAL_CONVERSION = YES;
				CLANG_WARN_OBJC_ROOT_CLASS = YES_ERROR;
				CLANG_WARN_QUOTED_INCLUDE_IN_FRAMEWORK_HEADER = YES;
				CLANG_WARN_RANGE_LOOP_ANALYSIS = YES;
				CLANG_WARN_STRICT_PROTOTYPES = YES;
				CLANG_WARN_SUSPICIOUS_MOVE = YES;
				CLANG_WARN_UNGUARDED_AVAILABILITY = YES_AGGRESSIVE;
				CLANG_WARN_UNREACHABLE_CODE = YES;
				CLANG_WARN__DUPLICATE_METHOD_MATCH = YES;
				COPY_PHASE_STRIP = NO;
				DEBUG_INFORMATION_FORMAT = dwarf;
				ENABLE_STRICT_OBJC_MSGSEND = YES;
				ENABLE_TESTABILITY = YES;
				GCC_C_LANGUAGE_STANDARD = gnu11;
				GCC_DYNAMIC_NO_PIC = NO;
				GCC_NO_COMMON_BLOCKS = YES;
				GCC_OPTIMIZATION_LEVEL = 0;
				GCC_PREPROCESSOR_DEFINITIONS = (
					"DEBUG=1",
					"$(inherited)",
				);
				GCC_WARN_64_TO_32_BIT_CONVERSION = YES;
				GCC_WARN_ABOUT_RETURN_TYPE = YES_ERROR;
				GCC_WARN_UNDECLARED_SELECTOR = YES;
				GCC_WARN_UNINITIALIZED_AUTOS = YES_AGGRESSIVE;
				GCC_WARN_UNUSED_FUNCTION = YES;
				GCC_WARN_UNUSED_VARIABLE = YES;
				IPHONEOS_DEPLOYMENT_TARGET = 14.4;
				MTL_ENABLE_DEBUG_INFO = INCLUDE_SOURCE;
				MTL_FAST_MATH = YES;
				ONLY_ACTIVE_ARCH = YES;
				SDKROOT = iphoneos;
				SWIFT_ACTIVE_COMPILATION_CONDITIONS = DEBUG;
				SWIFT_OPTIMIZATION_LEVEL = "-Onone";
			};
			name = Debug;
		};
		12E65EE9262A863F0039B1DA /* Release */ = {
			isa = XCBuildConfiguration;
			buildSettings = {
				ALWAYS_SEARCH_USER_PATHS = NO;
				CLANG_ANALYZER_NONNULL = YES;
				CLANG_ANALYZER_NUMBER_OBJECT_CONVERSION = YES_AGGRESSIVE;
				CLANG_CXX_LANGUAGE_STANDARD = "gnu++14";
				CLANG_CXX_LIBRARY = "libc++";
				CLANG_ENABLE_MODULES = YES;
				CLANG_ENABLE_OBJC_ARC = YES;
				CLANG_ENABLE_OBJC_WEAK = YES;
				CLANG_WARN_BLOCK_CAPTURE_AUTORELEASING = YES;
				CLANG_WARN_BOOL_CONVERSION = YES;
				CLANG_WARN_COMMA = YES;
				CLANG_WARN_CONSTANT_CONVERSION = YES;
				CLANG_WARN_DEPRECATED_OBJC_IMPLEMENTATIONS = YES;
				CLANG_WARN_DIRECT_OBJC_ISA_USAGE = YES_ERROR;
				CLANG_WARN_DOCUMENTATION_COMMENTS = YES;
				CLANG_WARN_EMPTY_BODY = YES;
				CLANG_WARN_ENUM_CONVERSION = YES;
				CLANG_WARN_INFINITE_RECURSION = YES;
				CLANG_WARN_INT_CONVERSION = YES;
				CLANG_WARN_NON_LITERAL_NULL_CONVERSION = YES;
				CLANG_WARN_OBJC_IMPLICIT_RETAIN_SELF = YES;
				CLANG_WARN_OBJC_LITERAL_CONVERSION = YES;
				CLANG_WARN_OBJC_ROOT_CLASS = YES_ERROR;
				CLANG_WARN_QUOTED_INCLUDE_IN_FRAMEWORK_HEADER = YES;
				CLANG_WARN_RANGE_LOOP_ANALYSIS = YES;
				CLANG_WARN_STRICT_PROTOTYPES = YES;
				CLANG_WARN_SUSPICIOUS_MOVE = YES;
				CLANG_WARN_UNGUARDED_AVAILABILITY = YES_AGGRESSIVE;
				CLANG_WARN_UNREACHABLE_CODE = YES;
				CLANG_WARN__DUPLICATE_METHOD_MATCH = YES;
				COPY_PHASE_STRIP = NO;
				DEBUG_INFORMATION_FORMAT = "dwarf-with-dsym";
				ENABLE_NS_ASSERTIONS = NO;
				ENABLE_STRICT_OBJC_MSGSEND = YES;
				GCC_C_LANGUAGE_STANDARD = gnu11;
				GCC_NO_COMMON_BLOCKS = YES;
				GCC_WARN_64_TO_32_BIT_CONVERSION = YES;
				GCC_WARN_ABOUT_RETURN_TYPE = YES_ERROR;
				GCC_WARN_UNDECLARED_SELECTOR = YES;
				GCC_WARN_UNINITIALIZED_AUTOS = YES_AGGRESSIVE;
				GCC_WARN_UNUSED_FUNCTION = YES;
				GCC_WARN_UNUSED_VARIABLE = YES;
				IPHONEOS_DEPLOYMENT_TARGET = 14.4;
				MTL_ENABLE_DEBUG_INFO = NO;
				MTL_FAST_MATH = YES;
				SDKROOT = iphoneos;
				SWIFT_COMPILATION_MODE = wholemodule;
				SWIFT_OPTIMIZATION_LEVEL = "-O";
				VALIDATE_PRODUCT = YES;
			};
			name = Release;
		};
		12E65EEB262A863F0039B1DA /* Debug */ = {
			isa = XCBuildConfiguration;
			buildSettings = {
				ASSETCATALOG_COMPILER_APPICON_NAME = AppIcon;
				ASSETCATALOG_COMPILER_GLOBAL_ACCENT_COLOR_NAME = AccentColor;
				CODE_SIGN_STYLE = Automatic;
				DEVELOPMENT_TEAM = D42X5L532P;
				INFOPLIST_FILE = DemoAppForLogin/Info.plist;
				LD_RUNPATH_SEARCH_PATHS = (
					"$(inherited)",
					"@executable_path/Frameworks",
				);
				PRODUCT_BUNDLE_IDENTIFIER = "Kaito-Arai.DemoAppForLogin";
				PRODUCT_NAME = "$(TARGET_NAME)";
				SWIFT_VERSION = 5.0;
				TARGETED_DEVICE_FAMILY = "1,2";
			};
			name = Debug;
		};
		12E65EEC262A863F0039B1DA /* Release */ = {
			isa = XCBuildConfiguration;
			buildSettings = {
				ASSETCATALOG_COMPILER_APPICON_NAME = AppIcon;
				ASSETCATALOG_COMPILER_GLOBAL_ACCENT_COLOR_NAME = AccentColor;
				CODE_SIGN_STYLE = Automatic;
				DEVELOPMENT_TEAM = D42X5L532P;
				INFOPLIST_FILE = DemoAppForLogin/Info.plist;
				LD_RUNPATH_SEARCH_PATHS = (
					"$(inherited)",
					"@executable_path/Frameworks",
				);
				PRODUCT_BUNDLE_IDENTIFIER = "Kaito-Arai.DemoAppForLogin";
				PRODUCT_NAME = "$(TARGET_NAME)";
				SWIFT_VERSION = 5.0;
				TARGETED_DEVICE_FAMILY = "1,2";
			};
			name = Release;
		};
		12E65EEE262A863F0039B1DA /* Debug */ = {
			isa = XCBuildConfiguration;
			buildSettings = {
				ALWAYS_EMBED_SWIFT_STANDARD_LIBRARIES = YES;
				BUNDLE_LOADER = "$(TEST_HOST)";
				CODE_SIGN_STYLE = Automatic;
				INFOPLIST_FILE = DemoAppForLoginTests/Info.plist;
				IPHONEOS_DEPLOYMENT_TARGET = 14.4;
				LD_RUNPATH_SEARCH_PATHS = (
					"$(inherited)",
					"@executable_path/Frameworks",
					"@loader_path/Frameworks",
				);
				PRODUCT_BUNDLE_IDENTIFIER = "Kaito-Arai.DemoAppForLoginTests";
				PRODUCT_NAME = "$(TARGET_NAME)";
				SWIFT_VERSION = 5.0;
				TARGETED_DEVICE_FAMILY = "1,2";
				TEST_HOST = "$(BUILT_PRODUCTS_DIR)/DemoAppForLogin.app/DemoAppForLogin";
			};
			name = Debug;
		};
		12E65EEF262A863F0039B1DA /* Release */ = {
			isa = XCBuildConfiguration;
			buildSettings = {
				ALWAYS_EMBED_SWIFT_STANDARD_LIBRARIES = YES;
				BUNDLE_LOADER = "$(TEST_HOST)";
				CODE_SIGN_STYLE = Automatic;
				INFOPLIST_FILE = DemoAppForLoginTests/Info.plist;
				IPHONEOS_DEPLOYMENT_TARGET = 14.4;
				LD_RUNPATH_SEARCH_PATHS = (
					"$(inherited)",
					"@executable_path/Frameworks",
					"@loader_path/Frameworks",
				);
				PRODUCT_BUNDLE_IDENTIFIER = "Kaito-Arai.DemoAppForLoginTests";
				PRODUCT_NAME = "$(TARGET_NAME)";
				SWIFT_VERSION = 5.0;
				TARGETED_DEVICE_FAMILY = "1,2";
				TEST_HOST = "$(BUILT_PRODUCTS_DIR)/DemoAppForLogin.app/DemoAppForLogin";
			};
			name = Release;
		};
		12E65EF1262A863F0039B1DA /* Debug */ = {
			isa = XCBuildConfiguration;
			buildSettings = {
				ALWAYS_EMBED_SWIFT_STANDARD_LIBRARIES = YES;
				CODE_SIGN_STYLE = Automatic;
				INFOPLIST_FILE = DemoAppForLoginUITests/Info.plist;
				LD_RUNPATH_SEARCH_PATHS = (
					"$(inherited)",
					"@executable_path/Frameworks",
					"@loader_path/Frameworks",
				);
				PRODUCT_BUNDLE_IDENTIFIER = "Kaito-Arai.DemoAppForLoginUITests";
				PRODUCT_NAME = "$(TARGET_NAME)";
				SWIFT_VERSION = 5.0;
				TARGETED_DEVICE_FAMILY = "1,2";
				TEST_TARGET_NAME = DemoAppForLogin;
			};
			name = Debug;
		};
		12E65EF2262A863F0039B1DA /* Release */ = {
			isa = XCBuildConfiguration;
			buildSettings = {
				ALWAYS_EMBED_SWIFT_STANDARD_LIBRARIES = YES;
				CODE_SIGN_STYLE = Automatic;
				INFOPLIST_FILE = DemoAppForLoginUITests/Info.plist;
				LD_RUNPATH_SEARCH_PATHS = (
					"$(inherited)",
					"@executable_path/Frameworks",
					"@loader_path/Frameworks",
				);
				PRODUCT_BUNDLE_IDENTIFIER = "Kaito-Arai.DemoAppForLoginUITests";
				PRODUCT_NAME = "$(TARGET_NAME)";
				SWIFT_VERSION = 5.0;
				TARGETED_DEVICE_FAMILY = "1,2";
				TEST_TARGET_NAME = DemoAppForLogin;
			};
			name = Release;
		};
/* End XCBuildConfiguration section */

/* Begin XCConfigurationList section */
		12E65EBB262A863E0039B1DA /* Build configuration list for PBXProject "DemoAppForLogin" */ = {
			isa = XCConfigurationList;
			buildConfigurations = (
				12E65EE8262A863F0039B1DA /* Debug */,
				12E65EE9262A863F0039B1DA /* Release */,
			);
			defaultConfigurationIsVisible = 0;
			defaultConfigurationName = Release;
		};
		12E65EEA262A863F0039B1DA /* Build configuration list for PBXNativeTarget "DemoAppForLogin" */ = {
			isa = XCConfigurationList;
			buildConfigurations = (
				12E65EEB262A863F0039B1DA /* Debug */,
				12E65EEC262A863F0039B1DA /* Release */,
			);
			defaultConfigurationIsVisible = 0;
			defaultConfigurationName = Release;
		};
		12E65EED262A863F0039B1DA /* Build configuration list for PBXNativeTarget "DemoAppForLoginTests" */ = {
			isa = XCConfigurationList;
			buildConfigurations = (
				12E65EEE262A863F0039B1DA /* Debug */,
				12E65EEF262A863F0039B1DA /* Release */,
			);
			defaultConfigurationIsVisible = 0;
			defaultConfigurationName = Release;
		};
		12E65EF0262A863F0039B1DA /* Build configuration list for PBXNativeTarget "DemoAppForLoginUITests" */ = {
			isa = XCConfigurationList;
			buildConfigurations = (
				12E65EF1262A863F0039B1DA /* Debug */,
				12E65EF2262A863F0039B1DA /* Release */,
			);
			defaultConfigurationIsVisible = 0;
			defaultConfigurationName = Release;
		};
/* End XCConfigurationList section */
	};
	rootObject = 12E65EB8262A863E0039B1DA /* Project object */;
}
